
Microsoft Visual Studio Solution File, Format Version 12.00
# Visual Studio Version 17
VisualStudioVersion = 17.1.32319.34
MinimumVisualStudioVersion = 10.0.40219.1
Project("{FAE04EC0-301F-11D3-BF4B-00C04F79EFBC}") = "DynBindingDemo", "DynBindingDemo\DynBindingDemo.csproj", "{53365EAB-8D2E-4D9C-A814-2E1688378BFB}"
EndProject
Project("{FAE04EC0-301F-11D3-BF4B-00C04F79EFBC}") = "DynBindingDLL", "DynBindingDLL\DynBindingDLL.csproj", "{7F98529A-9D53-498A-864F-6E206F260B31}"
EndProject
Global
	GlobalSection(SolutionConfigurationPlatforms) = preSolution
		Debug|Any CPU = Debug|Any CPU
		Release|Any CPU = Release|Any CPU
	EndGlobalSection
	GlobalSection(ProjectConfigurationPlatforms) = postSolution
		{53365EAB-8D2E-4D9C-A814-2E1688378BFB}.Debug|Any CPU.ActiveCfg = Debug|Any CPU
		{53365EAB-8D2E-4D9C-A814-2E1688378BFB}.Debug|Any CPU.Build.0 = Debug|Any CPU
		{53365EAB-8D2E-4D9C-A814-2E1688378BFB}.Release|Any CPU.ActiveCfg = Release|Any CPU
		{53365EAB-8D2E-4D9C-A814-2E1688378BFB}.Release|Any CPU.Build.0 = Release|Any CPU
		{7F98529A-9D53-498A-864F-6E206F260B31}.Debug|Any CPU.ActiveCfg = Debug|Any CPU
		{7F98529A-9D53-498A-864F-6E206F260B31}.Debug|Any CPU.Build.0 = Debug|Any CPU
		{7F98529A-9D53-498A-864F-6E206F260B31}.Release|Any CPU.ActiveCfg = Release|Any CPU
		{7F98529A-9D53-498A-864F-6E206F260B31}.Release|Any CPU.Build.0 = Release|Any CPU
	EndGlobalSection
	GlobalSection(SolutionProperties) = preSolution
		HideSolutionNode = FALSE
	EndGlobalSection
	GlobalSection(ExtensibilityGlobals) = postSolution
		SolutionGuid = {7516A768-513A-40E0-90F8-7CE3B7692C62}
	EndGlobalSection
EndGlobal
